
Microsoft Visual Studio Solution File, Format Version 12.00
# Visual Studio Version 17
VisualStudioVersion = 17.10.35122.118
MinimumVisualStudioVersion = 10.0.40219.1
Project("{F184B08F-C81C-45F6-A57F-5ABD9991F28F}") = "BD2 Proyecto Clinica", "BD2 Proyecto Clinica.vbproj", "{6BF896AA-7161-4E4D-8FB2-0B8AA6BBC174}"
EndProject
Global
	GlobalSection(SolutionConfigurationPlatforms) = preSolution
		Debug|Any CPU = Debug|Any CPU
		Release|Any CPU = Release|Any CPU
	EndGlobalSection
	GlobalSection(ProjectConfigurationPlatforms) = postSolution
		{6BF896AA-7161-4E4D-8FB2-0B8AA6BBC174}.Debug|Any CPU.ActiveCfg = Debug|Any CPU
		{6BF896AA-7161-4E4D-8FB2-0B8AA6BBC174}.Debug|Any CPU.Build.0 = Debug|Any CPU
		{6BF896AA-7161-4E4D-8FB2-0B8AA6BBC174}.Release|Any CPU.ActiveCfg = Release|Any CPU
		{6BF896AA-7161-4E4D-8FB2-0B8AA6BBC174}.Release|Any CPU.Build.0 = Release|Any CPU
	EndGlobalSection
	GlobalSection(SolutionProperties) = preSolution
		HideSolutionNode = FALSE
	EndGlobalSection
	GlobalSection(ExtensibilityGlobals) = postSolution
		SolutionGuid = {D84E924A-FE14-4624-8E68-3F2572123987}
	EndGlobalSection
EndGlobal
